
Microsoft Visual Studio Solution File, Format Version 12.00
# Visual Studio Version 17
VisualStudioVersion = 17.5.33516.290
MinimumVisualStudioVersion = 10.0.40219.1
Project("{FAE04EC0-301F-11D3-BF4B-00C04F79EFBC}") = "WebApplication1", "WebApplication1\WebApplication1.csproj", "{6C468E0E-E79F-45C4-85AA-59B9161CFD3E}"
EndProject
Global
	GlobalSection(SolutionConfigurationPlatforms) = preSolution
		Debug|Any CPU = Debug|Any CPU
		Release|Any CPU = Release|Any CPU
	EndGlobalSection
	GlobalSection(ProjectConfigurationPlatforms) = postSolution
		{6C468E0E-E79F-45C4-85AA-59B9161CFD3E}.Debug|Any CPU.ActiveCfg = Debug|Any CPU
		{6C468E0E-E79F-45C4-85AA-59B9161CFD3E}.Debug|Any CPU.Build.0 = Debug|Any CPU
		{6C468E0E-E79F-45C4-85AA-59B9161CFD3E}.Release|Any CPU.ActiveCfg = Release|Any CPU
		{6C468E0E-E79F-45C4-85AA-59B9161CFD3E}.Release|Any CPU.Build.0 = Release|Any CPU
	EndGlobalSection
	GlobalSection(SolutionProperties) = preSolution
		HideSolutionNode = FALSE
	EndGlobalSection
	GlobalSection(ExtensibilityGlobals) = postSolution
		SolutionGuid = {B35F7011-E63E-4C5C-9651-3736C8206E63}
	EndGlobalSection
EndGlobal
